
Microsoft Visual Studio Solution File, Format Version 12.00
# Visual Studio Version 17
VisualStudioVersion = 17.9.34728.123
MinimumVisualStudioVersion = 10.0.40219.1
Project("{9A19103F-16F7-4668-BE54-9A1E7A4F7556}") = "Restaurants.API", "Restaurants.API\Restaurants.API.csproj", "{1C2A1CAA-329F-45BD-84FD-963C5A075E53}"
EndProject
Project("{FAE04EC0-301F-11D3-BF4B-00C04F79EFBC}") = "Restaurants.Domain", "Restaurants.Domain\Restaurants.Domain.csproj", "{7700849A-015E-4EE3-A51D-445FA1228E1D}"
EndProject
Project("{FAE04EC0-301F-11D3-BF4B-00C04F79EFBC}") = "Restaurants.Application", "Restaurants.Application\Restaurants.Application.csproj", "{50806F84-B078-465D-B9C4-3A0B1748E8BD}"
EndProject
Project("{FAE04EC0-301F-11D3-BF4B-00C04F79EFBC}") = "Restaurants.Infrastructure", "Restaurants.Infrastructure\Restaurants.Infrastructure.csproj", "{E843B807-BE19-465B-95FC-DC06921DAB6D}"
EndProject
Global
	GlobalSection(SolutionConfigurationPlatforms) = preSolution
		Debug|Any CPU = Debug|Any CPU
		Release|Any CPU = Release|Any CPU
	EndGlobalSection
	GlobalSection(ProjectConfigurationPlatforms) = postSolution
		{1C2A1CAA-329F-45BD-84FD-963C5A075E53}.Debug|Any CPU.ActiveCfg = Debug|Any CPU
		{1C2A1CAA-329F-45BD-84FD-963C5A075E53}.Debug|Any CPU.Build.0 = Debug|Any CPU
		{1C2A1CAA-329F-45BD-84FD-963C5A075E53}.Release|Any CPU.ActiveCfg = Release|Any CPU
		{1C2A1CAA-329F-45BD-84FD-963C5A075E53}.Release|Any CPU.Build.0 = Release|Any CPU
		{7700849A-015E-4EE3-A51D-445FA1228E1D}.Debug|Any CPU.ActiveCfg = Debug|Any CPU
		{7700849A-015E-4EE3-A51D-445FA1228E1D}.Debug|Any CPU.Build.0 = Debug|Any CPU
		{7700849A-015E-4EE3-A51D-445FA1228E1D}.Release|Any CPU.ActiveCfg = Release|Any CPU
		{7700849A-015E-4EE3-A51D-445FA1228E1D}.Release|Any CPU.Build.0 = Release|Any CPU
		{50806F84-B078-465D-B9C4-3A0B1748E8BD}.Debug|Any CPU.ActiveCfg = Debug|Any CPU
		{50806F84-B078-465D-B9C4-3A0B1748E8BD}.Debug|Any CPU.Build.0 = Debug|Any CPU
		{50806F84-B078-465D-B9C4-3A0B1748E8BD}.Release|Any CPU.ActiveCfg = Release|Any CPU
		{50806F84-B078-465D-B9C4-3A0B1748E8BD}.Release|Any CPU.Build.0 = Release|Any CPU
		{E843B807-BE19-465B-95FC-DC06921DAB6D}.Debug|Any CPU.ActiveCfg = Debug|Any CPU
		{E843B807-BE19-465B-95FC-DC06921DAB6D}.Debug|Any CPU.Build.0 = Debug|Any CPU
		{E843B807-BE19-465B-95FC-DC06921DAB6D}.Release|Any CPU.ActiveCfg = Release|Any CPU
		{E843B807-BE19-465B-95FC-DC06921DAB6D}.Release|Any CPU.Build.0 = Release|Any CPU
	EndGlobalSection
	GlobalSection(SolutionProperties) = preSolution
		HideSolutionNode = FALSE
	EndGlobalSection
	GlobalSection(ExtensibilityGlobals) = postSolution
		SolutionGuid = {0841604B-2810-4DA8-B332-3ECA56153628}
	EndGlobalSection
EndGlobal
